
Microsoft Visual Studio Solution File, Format Version 12.00
# Visual Studio Version 16
VisualStudioVersion = 16.0.31229.75
MinimumVisualStudioVersion = 10.0.40219.1
Project("{2150E333-8FDC-42A3-9474-1A3956D46DE8}") = "Core", "Core", "{DDC029CD-180A-4EA2-87E2-BCB0D653A596}"
EndProject
Project("{2150E333-8FDC-42A3-9474-1A3956D46DE8}") = "Infrostructure", "Infrostructure", "{53626095-6A71-4BF9-AD73-4A5224CB9F29}"
EndProject
Project("{2150E333-8FDC-42A3-9474-1A3956D46DE8}") = "Presentation", "Presentation", "{36745720-2BC0-45B5-84DD-13CF8D1E5F3A}"
EndProject
Project("{9A19103F-16F7-4668-BE54-9A1E7A4F7556}") = "Notes.Domain", "Notes.Domain\Notes.Domain.csproj", "{754EE312-50F9-4735-9622-B7799B44D055}"
EndProject
Project("{9A19103F-16F7-4668-BE54-9A1E7A4F7556}") = "Notes.Application", "Notes.Application\Notes.Application.csproj", "{2BAF3CC3-70FE-4951-9CC6-D1B989537D2D}"
EndProject
Project("{9A19103F-16F7-4668-BE54-9A1E7A4F7556}") = "Notes.WebApi", "Notes.WebApi\Notes.WebApi.csproj", "{1B9ACC63-E0A6-4182-9748-EF6B50AA5DFA}"
EndProject
Project("{9A19103F-16F7-4668-BE54-9A1E7A4F7556}") = "Notes.Persistence", "Notes.Persistence\Notes.Persistence.csproj", "{FD44FB47-45A0-4CB6-B502-C1EDE32913C8}"
EndProject
Global
	GlobalSection(SolutionConfigurationPlatforms) = preSolution
		Debug|Any CPU = Debug|Any CPU
		Release|Any CPU = Release|Any CPU
	EndGlobalSection
	GlobalSection(ProjectConfigurationPlatforms) = postSolution
		{754EE312-50F9-4735-9622-B7799B44D055}.Debug|Any CPU.ActiveCfg = Debug|Any CPU
		{754EE312-50F9-4735-9622-B7799B44D055}.Debug|Any CPU.Build.0 = Debug|Any CPU
		{754EE312-50F9-4735-9622-B7799B44D055}.Release|Any CPU.ActiveCfg = Release|Any CPU
		{754EE312-50F9-4735-9622-B7799B44D055}.Release|Any CPU.Build.0 = Release|Any CPU
		{2BAF3CC3-70FE-4951-9CC6-D1B989537D2D}.Debug|Any CPU.ActiveCfg = Debug|Any CPU
		{2BAF3CC3-70FE-4951-9CC6-D1B989537D2D}.Debug|Any CPU.Build.0 = Debug|Any CPU
		{2BAF3CC3-70FE-4951-9CC6-D1B989537D2D}.Release|Any CPU.ActiveCfg = Release|Any CPU
		{2BAF3CC3-70FE-4951-9CC6-D1B989537D2D}.Release|Any CPU.Build.0 = Release|Any CPU
		{1B9ACC63-E0A6-4182-9748-EF6B50AA5DFA}.Debug|Any CPU.ActiveCfg = Debug|Any CPU
		{1B9ACC63-E0A6-4182-9748-EF6B50AA5DFA}.Debug|Any CPU.Build.0 = Debug|Any CPU
		{1B9ACC63-E0A6-4182-9748-EF6B50AA5DFA}.Release|Any CPU.ActiveCfg = Release|Any CPU
		{1B9ACC63-E0A6-4182-9748-EF6B50AA5DFA}.Release|Any CPU.Build.0 = Release|Any CPU
		{FD44FB47-45A0-4CB6-B502-C1EDE32913C8}.Debug|Any CPU.ActiveCfg = Debug|Any CPU
		{FD44FB47-45A0-4CB6-B502-C1EDE32913C8}.Debug|Any CPU.Build.0 = Debug|Any CPU
		{FD44FB47-45A0-4CB6-B502-C1EDE32913C8}.Release|Any CPU.ActiveCfg = Release|Any CPU
		{FD44FB47-45A0-4CB6-B502-C1EDE32913C8}.Release|Any CPU.Build.0 = Release|Any CPU
	EndGlobalSection
	GlobalSection(SolutionProperties) = preSolution
		HideSolutionNode = FALSE
	EndGlobalSection
	GlobalSection(NestedProjects) = preSolution
		{754EE312-50F9-4735-9622-B7799B44D055} = {DDC029CD-180A-4EA2-87E2-BCB0D653A596}
		{2BAF3CC3-70FE-4951-9CC6-D1B989537D2D} = {DDC029CD-180A-4EA2-87E2-BCB0D653A596}
		{1B9ACC63-E0A6-4182-9748-EF6B50AA5DFA} = {36745720-2BC0-45B5-84DD-13CF8D1E5F3A}
		{FD44FB47-45A0-4CB6-B502-C1EDE32913C8} = {53626095-6A71-4BF9-AD73-4A5224CB9F29}
	EndGlobalSection
	GlobalSection(ExtensibilityGlobals) = postSolution
		SolutionGuid = {AB63B3F0-79E7-497D-BE46-B3002547F498}
	EndGlobalSection
EndGlobal
